PODS:
  - Alamofire (4.5.1)
  - SwiftyJSON (3.1.4)

DEPENDENCIES:
  - Alamofire (from `https://github.com/Alamofire/Alamofire.git`, tag `4.5.1`)
  - SwiftyJSON (from `https://github.com/SwiftyJSON/SwiftyJSON.git`, tag `3.1.4`)

EXTERNAL SOURCES:
  Alamofire:
    :git: https://github.com/Alamofire/Alamofire.git
    :tag: 4.5.1
  SwiftyJSON:
    :git: https://github.com/SwiftyJSON/SwiftyJSON.git
    :tag: 3.1.4

CHECKOUT OPTIONS:
  Alamofire:
    :git: https://github.com/Alamofire/Alamofire.git
    :tag: 4.5.1
  SwiftyJSON:
    :git: https://github.com/SwiftyJSON/SwiftyJSON.git
    :tag: 3.1.4

SPEC CHECKSUMS:
  Alamofire: 0224236301daac8c6578172706304b66b48236b5
  SwiftyJSON: 05cf0e98a950e2ba343735264f5a96b81e755d00

PODFILE CHECKSUM: 6a01327204dad8f3ef5b966c1c98d7949b22cb3e

COCOAPODS: 1.5.3
